
Microsoft Visual Studio Solution File, Format Version 12.00
# Visual Studio Version 17
VisualStudioVersion = 17.4.33103.184
MinimumVisualStudioVersion = 10.0.40219.1
Project("{FAE04EC0-301F-11D3-BF4B-00C04F79EFBC}") = "DovizOfisi", "DovizOfisi\DovizOfisi.csproj", "{0803FA11-C4FA-43C0-8FEF-D18BD69E2E70}"
EndProject
Global
	GlobalSection(SolutionConfigurationPlatforms) = preSolution
		Debug|Any CPU = Debug|Any CPU
		Release|Any CPU = Release|Any CPU
	EndGlobalSection
	GlobalSection(ProjectConfigurationPlatforms) = postSolution
		{0803FA11-C4FA-43C0-8FEF-D18BD69E2E70}.Debug|Any CPU.ActiveCfg = Debug|Any CPU
		{0803FA11-C4FA-43C0-8FEF-D18BD69E2E70}.Debug|Any CPU.Build.0 = Debug|Any CPU
		{0803FA11-C4FA-43C0-8FEF-D18BD69E2E70}.Release|Any CPU.ActiveCfg = Release|Any CPU
		{0803FA11-C4FA-43C0-8FEF-D18BD69E2E70}.Release|Any CPU.Build.0 = Release|Any CPU
	EndGlobalSection
	GlobalSection(SolutionProperties) = preSolution
		HideSolutionNode = FALSE
	EndGlobalSection
	GlobalSection(ExtensibilityGlobals) = postSolution
		SolutionGuid = {881C7CE0-1663-4E87-9B34-4A888A1A33A7}
	EndGlobalSection
EndGlobal
